
Microsoft Visual Studio Solution File, Format Version 12.00
# Visual Studio Version 17
VisualStudioVersion = 17.3.32929.385
MinimumVisualStudioVersion = 10.0.40219.1
Project("{FAE04EC0-301F-11D3-BF4B-00C04F79EFBC}") = "Classes", "Classes\Classes.csproj", "{E0AD8170-7F4E-427D-B20D-4F16B9A8BB20}"
EndProject
Project("{FAE04EC0-301F-11D3-BF4B-00C04F79EFBC}") = "ClasessGetSetProperty", "ClasessGetSetProperty\ClasessGetSetProperty.csproj", "{0CDAF3BA-0FD5-45B2-AE27-B4BC3E9D62FA}"
EndProject
Project("{FAE04EC0-301F-11D3-BF4B-00C04F79EFBC}") = "ClasessGetSetField", "ClasessGetSetField\ClasessGetSetField.csproj", "{63BAF4B9-62A8-497D-ABC0-2F58BD2AD651}"
EndProject
Project("{FAE04EC0-301F-11D3-BF4B-00C04F79EFBC}") = "Interfaces", "Interfaces\Interfaces.csproj", "{B35E7B2B-27C7-4FDD-A313-46F32FCDF096}"
EndProject
Project("{FAE04EC0-301F-11D3-BF4B-00C04F79EFBC}") = "InterfacesRealWorld", "InterfacesRealWorld\InterfacesRealWorld.csproj", "{23BF0B20-923A-4FF0-B1B2-4264E3B2BCEC}"
EndProject
Project("{FAE04EC0-301F-11D3-BF4B-00C04F79EFBC}") = "InterfacesMultipleInheritance", "InterfacesMultipleInheritance\InterfacesMultipleInheritance.csproj", "{369FC4D8-CC4A-408C-8ABF-75493C7D1175}"
EndProject
Global
	GlobalSection(SolutionConfigurationPlatforms) = preSolution
		Debug|Any CPU = Debug|Any CPU
		Release|Any CPU = Release|Any CPU
	EndGlobalSection
	GlobalSection(ProjectConfigurationPlatforms) = postSolution
		{E0AD8170-7F4E-427D-B20D-4F16B9A8BB20}.Debug|Any CPU.ActiveCfg = Debug|Any CPU
		{E0AD8170-7F4E-427D-B20D-4F16B9A8BB20}.Debug|Any CPU.Build.0 = Debug|Any CPU
		{E0AD8170-7F4E-427D-B20D-4F16B9A8BB20}.Release|Any CPU.ActiveCfg = Release|Any CPU
		{E0AD8170-7F4E-427D-B20D-4F16B9A8BB20}.Release|Any CPU.Build.0 = Release|Any CPU
		{0CDAF3BA-0FD5-45B2-AE27-B4BC3E9D62FA}.Debug|Any CPU.ActiveCfg = Debug|Any CPU
		{0CDAF3BA-0FD5-45B2-AE27-B4BC3E9D62FA}.Debug|Any CPU.Build.0 = Debug|Any CPU
		{0CDAF3BA-0FD5-45B2-AE27-B4BC3E9D62FA}.Release|Any CPU.ActiveCfg = Release|Any CPU
		{0CDAF3BA-0FD5-45B2-AE27-B4BC3E9D62FA}.Release|Any CPU.Build.0 = Release|Any CPU
		{63BAF4B9-62A8-497D-ABC0-2F58BD2AD651}.Debug|Any CPU.ActiveCfg = Debug|Any CPU
		{63BAF4B9-62A8-497D-ABC0-2F58BD2AD651}.Debug|Any CPU.Build.0 = Debug|Any CPU
		{63BAF4B9-62A8-497D-ABC0-2F58BD2AD651}.Release|Any CPU.ActiveCfg = Release|Any CPU
		{63BAF4B9-62A8-497D-ABC0-2F58BD2AD651}.Release|Any CPU.Build.0 = Release|Any CPU
		{B35E7B2B-27C7-4FDD-A313-46F32FCDF096}.Debug|Any CPU.ActiveCfg = Debug|Any CPU
		{B35E7B2B-27C7-4FDD-A313-46F32FCDF096}.Debug|Any CPU.Build.0 = Debug|Any CPU
		{B35E7B2B-27C7-4FDD-A313-46F32FCDF096}.Release|Any CPU.ActiveCfg = Release|Any CPU
		{B35E7B2B-27C7-4FDD-A313-46F32FCDF096}.Release|Any CPU.Build.0 = Release|Any CPU
		{23BF0B20-923A-4FF0-B1B2-4264E3B2BCEC}.Debug|Any CPU.ActiveCfg = Debug|Any CPU
		{23BF0B20-923A-4FF0-B1B2-4264E3B2BCEC}.Debug|Any CPU.Build.0 = Debug|Any CPU
		{23BF0B20-923A-4FF0-B1B2-4264E3B2BCEC}.Release|Any CPU.ActiveCfg = Release|Any CPU
		{23BF0B20-923A-4FF0-B1B2-4264E3B2BCEC}.Release|Any CPU.Build.0 = Release|Any CPU
		{369FC4D8-CC4A-408C-8ABF-75493C7D1175}.Debug|Any CPU.ActiveCfg = Debug|Any CPU
		{369FC4D8-CC4A-408C-8ABF-75493C7D1175}.Debug|Any CPU.Build.0 = Debug|Any CPU
		{369FC4D8-CC4A-408C-8ABF-75493C7D1175}.Release|Any CPU.ActiveCfg = Release|Any CPU
		{369FC4D8-CC4A-408C-8ABF-75493C7D1175}.Release|Any CPU.Build.0 = Release|Any CPU
	EndGlobalSection
	GlobalSection(SolutionProperties) = preSolution
		HideSolutionNode = FALSE
	EndGlobalSection
	GlobalSection(ExtensibilityGlobals) = postSolution
		SolutionGuid = {908EA8FE-3EE8-4D63-9832-A7F82663C02B}
	EndGlobalSection
EndGlobal
